
Microsoft Visual Studio Solution File, Format Version 12.00
# Visual Studio Version 16
VisualStudioVersion = 16.0.31005.135
MinimumVisualStudioVersion = 10.0.40219.1
Project("{FAE04EC0-301F-11D3-BF4B-00C04F79EFBC}") = "Home_Ria", "Home_Ria.csproj", "{2F4422AA-363B-44F9-80D9-D0E813F5B93A}"
EndProject
Global
	GlobalSection(SolutionConfigurationPlatforms) = preSolution
		Debug|Any CPU = Debug|Any CPU
		Release|Any CPU = Release|Any CPU
	EndGlobalSection
	GlobalSection(ProjectConfigurationPlatforms) = postSolution
		{2F4422AA-363B-44F9-80D9-D0E813F5B93A}.Debug|Any CPU.ActiveCfg = Debug|Any CPU
		{2F4422AA-363B-44F9-80D9-D0E813F5B93A}.Debug|Any CPU.Build.0 = Debug|Any CPU
		{2F4422AA-363B-44F9-80D9-D0E813F5B93A}.Release|Any CPU.ActiveCfg = Release|Any CPU
		{2F4422AA-363B-44F9-80D9-D0E813F5B93A}.Release|Any CPU.Build.0 = Release|Any CPU
	EndGlobalSection
	GlobalSection(SolutionProperties) = preSolution
		HideSolutionNode = FALSE
	EndGlobalSection
	GlobalSection(ExtensibilityGlobals) = postSolution
		SolutionGuid = {E4F3F842-1E8F-494F-B583-56AA60FA2F8A}
	EndGlobalSection
EndGlobal
